PODS:
  - Alamofire (4.9.1)
  - CPF-CNPJ-Validator (1.0.2)
  - CreditCardValidator (0.4)

DEPENDENCIES:
  - Alamofire (~> 4.5)
  - CPF-CNPJ-Validator
  - CreditCardValidator

SPEC REPOS:
  trunk:
    - Alamofire
    - CPF-CNPJ-Validator
    - CreditCardValidator

SPEC CHECKSUMS:
  Alamofire: 85e8a02c69d6020a0d734f6054870d7ecb75cf18
  CPF-CNPJ-Validator: 0b08069595da2c4b20e964b743bfc0a7334d5347
  CreditCardValidator: 9f0814dd61682c004071a250d89327ca83514a48

PODFILE CHECKSUM: 9a9c06b05c9385f530023807094f331143b081e9

COCOAPODS: 1.10.0
